
Microsoft Visual Studio Solution File, Format Version 12.00
# Visual Studio Version 17
VisualStudioVersion = 17.4.33213.308
MinimumVisualStudioVersion = 10.0.40219.1
Project("{9A19103F-16F7-4668-BE54-9A1E7A4F7556}") = "DbAndGrpc", "DbAndGrpc\DbAndGrpc.csproj", "{AAEB6B5F-4890-437C-8096-18453AFBB826}"
EndProject
Project("{FAE04EC0-301F-11D3-BF4B-00C04F79EFBC}") = "ConsoleClient", "ConsoleClient\ConsoleClient.csproj", "{F22BFD42-C4F1-4D53-AC11-85AE0B886E67}"
EndProject
Global
	GlobalSection(SolutionConfigurationPlatforms) = preSolution
		Debug|Any CPU = Debug|Any CPU
		Release|Any CPU = Release|Any CPU
	EndGlobalSection
	GlobalSection(ProjectConfigurationPlatforms) = postSolution
		{AAEB6B5F-4890-437C-8096-18453AFBB826}.Debug|Any CPU.ActiveCfg = Debug|Any CPU
		{AAEB6B5F-4890-437C-8096-18453AFBB826}.Debug|Any CPU.Build.0 = Debug|Any CPU
		{AAEB6B5F-4890-437C-8096-18453AFBB826}.Release|Any CPU.ActiveCfg = Release|Any CPU
		{AAEB6B5F-4890-437C-8096-18453AFBB826}.Release|Any CPU.Build.0 = Release|Any CPU
		{F22BFD42-C4F1-4D53-AC11-85AE0B886E67}.Debug|Any CPU.ActiveCfg = Debug|Any CPU
		{F22BFD42-C4F1-4D53-AC11-85AE0B886E67}.Debug|Any CPU.Build.0 = Debug|Any CPU
		{F22BFD42-C4F1-4D53-AC11-85AE0B886E67}.Release|Any CPU.ActiveCfg = Release|Any CPU
		{F22BFD42-C4F1-4D53-AC11-85AE0B886E67}.Release|Any CPU.Build.0 = Release|Any CPU
	EndGlobalSection
	GlobalSection(SolutionProperties) = preSolution
		HideSolutionNode = FALSE
	EndGlobalSection
	GlobalSection(ExtensibilityGlobals) = postSolution
		SolutionGuid = {42F0C07B-B1B1-48E8-ACC9-1E12F87A5098}
	EndGlobalSection
EndGlobal
